
Microsoft Visual Studio Solution File, Format Version 12.00
# Visual Studio Version 16
VisualStudioVersion = 16.0.29021.104
MinimumVisualStudioVersion = 10.0.40219.1
Project("{9A19103F-16F7-4668-BE54-9A1E7A4F7556}") = "CocApiLibrary", "CocApiLibrary\CocApiLibrary.csproj", "{CEB1FA95-249A-46F7-A2A7-1D5235422DFE}"
EndProject
Project("{9A19103F-16F7-4668-BE54-9A1E7A4F7556}") = "CocApiConsoleTest", "CocApiConsoleTest\CocApiConsoleTest.csproj", "{4992D324-C6E1-4B75-BD0B-EFE045796471}"
EndProject
Project("{FAE04EC0-301F-11D3-BF4B-00C04F79EFBC}") = "CocApiCoreLibrary", "CocApiCoreLibrary\CocApiCoreLibrary.csproj", "{3FB58AC0-CA7B-4879-ADA3-7CC8BA222F53}"
EndProject
Global
	GlobalSection(SolutionConfigurationPlatforms) = preSolution
		Debug|Any CPU = Debug|Any CPU
		Release|Any CPU = Release|Any CPU
	EndGlobalSection
	GlobalSection(ProjectConfigurationPlatforms) = postSolution
		{CEB1FA95-249A-46F7-A2A7-1D5235422DFE}.Debug|Any CPU.ActiveCfg = Debug|Any CPU
		{CEB1FA95-249A-46F7-A2A7-1D5235422DFE}.Debug|Any CPU.Build.0 = Debug|Any CPU
		{CEB1FA95-249A-46F7-A2A7-1D5235422DFE}.Release|Any CPU.ActiveCfg = Release|Any CPU
		{CEB1FA95-249A-46F7-A2A7-1D5235422DFE}.Release|Any CPU.Build.0 = Release|Any CPU
		{4992D324-C6E1-4B75-BD0B-EFE045796471}.Debug|Any CPU.ActiveCfg = Debug|Any CPU
		{4992D324-C6E1-4B75-BD0B-EFE045796471}.Debug|Any CPU.Build.0 = Debug|Any CPU
		{4992D324-C6E1-4B75-BD0B-EFE045796471}.Release|Any CPU.ActiveCfg = Release|Any CPU
		{4992D324-C6E1-4B75-BD0B-EFE045796471}.Release|Any CPU.Build.0 = Release|Any CPU
		{3FB58AC0-CA7B-4879-ADA3-7CC8BA222F53}.Debug|Any CPU.ActiveCfg = Debug|Any CPU
		{3FB58AC0-CA7B-4879-ADA3-7CC8BA222F53}.Debug|Any CPU.Build.0 = Debug|Any CPU
		{3FB58AC0-CA7B-4879-ADA3-7CC8BA222F53}.Release|Any CPU.ActiveCfg = Release|Any CPU
		{3FB58AC0-CA7B-4879-ADA3-7CC8BA222F53}.Release|Any CPU.Build.0 = Release|Any CPU
	EndGlobalSection
	GlobalSection(SolutionProperties) = preSolution
		HideSolutionNode = FALSE
	EndGlobalSection
	GlobalSection(ExtensibilityGlobals) = postSolution
		SolutionGuid = {6B69EBF8-723F-46C0-98C6-B343408E0CE4}
	EndGlobalSection
EndGlobal
